schema: '2.0'
stages:
  generate_dataset:
    cmd: python -m zoning.data_processing.generate_dataset
    deps:
    - path: data/names_all_towns.json
      md5: 0013040cfeb0f4f23a35a94cae9f2950
      size: 2665
    - path: data/textract_dataset
      md5: 11062398489b76650f2d8335fe86775a.dir
      size: 8441946344
      nfiles: 181
    - path: zoning/data_processing/generate_dataset.py
      md5: 51f7f2eef57fa468b3d03fd2d8faa385
      size: 4401
    params:
      params.yaml:
        generate_dataset.seed: 42
        generate_dataset.test_split_frac: 0.3
        publish_datasets: true
    outs:
    - path: data/hf_dataset
      md5: 302e323289b3182818324f7ac09702e9.dir
      size: 5363614993
      nfiles: 13
    - path: data/parquet_dataset
      md5: ce3b5231d58d404fcf15d265e11ccab8.dir
      size: 2219366007
      nfiles: 176
  upload_zoning_docs:
    cmd: bash zoning/data_processing/upload_zoning_docs.sh
    deps:
    - path: data/orig-documents
      md5: b208d6a5c83a0ee2ea6866545fddf26b.dir
      size: 1004547167
      nfiles: 181
    - path: zoning/data_processing/upload_zoning_docs.sh
      md5: 4bc9fb2d649525a0c3928fe4f7bc2307
      size: 316
    outs:
    - path: data/orig_documents_s3_manifest.json
      md5: 897ea14dfed07ed31455e60dc08c51c4
      size: 9670
  extract_text:
    cmd: python -m zoning.data_processing.extract_text
    deps:
    - path: data/orig_documents_s3_manifest.json
      md5: 897ea14dfed07ed31455e60dc08c51c4
      size: 9670
    - path: zoning/data_processing/extract_text.py
      md5: 98404ae0ff0f6d2466c5e067543c2e41
      size: 2788
    params:
      params.yaml:
        extract_text.orig_document_s3_bucket: cornell-mfd64
    outs:
    - path: data/textract_dataset
      md5: 11062398489b76650f2d8335fe86775a.dir
      size: 8441946344
      nfiles: 181
  generate_text_dataset:
    cmd: python -m zoning.data_processing.generate_text_dataset
    deps:
    - path: data/hf_dataset
      md5: 302e323289b3182818324f7ac09702e9.dir
      size: 5363614993
      nfiles: 13
    - path: zoning/data_processing/generate_text_dataset.py
      md5: 45a291510a51b8886397868052138501
      size: 3896
    params:
      params.yaml:
        publish_datasets: true
    outs:
    - path: data/hf_text_dataset
      md5: e832d3471ef79f057d9845b1c45015ee.dir
      size: 472917787
      nfiles: 7
  index_towns:
    cmd: python -m zoning.data_processing.index_towns
    deps:
    - path: data/hf_text_dataset
      md5: e832d3471ef79f057d9845b1c45015ee.dir
      size: 472917787
      nfiles: 7
    - path: zoning/data_processing/index_towns.py
      md5: cd3c4af8c8e19c9927e28912aaf7ced5
      size: 1580
  evaluate:
    cmd: python -m zoning.data_processing.eval
    deps:
    - path: templates/extraction_chat_completion.pmpt.tpl
      md5: 51cad22a5491c34850c25f52f0873806
      size: 2337
    - path: templates/extraction_completion.pmpt.tpl
      md5: cdd9b0b79ac4ed02da5897315ccc15df
      size: 91
    - path: zoning/data_processing/eval.py
      md5: c904670b171ea0cfbb0d5d4e72b3c990
      size: 6283
    - path: zoning/data_processing/index_towns.py
      md5: cd3c4af8c8e19c9927e28912aaf7ced5
      size: 1580
    outs:
    - path: data/results/eval.csv
      md5: 48bef0fe24da09139c3118c0b2840772
      size: 72459
    - path: data/results/eval.yaml
      md5: eb8ede87609e1ba4693100091879a227
      size: 589
